
Microsoft Visual Studio Solution File, Format Version 12.00
# Visual Studio Version 17
VisualStudioVersion = 17.0.31903.59
MinimumVisualStudioVersion = 10.0.40219.1
Project("{9A19103F-16F7-4668-BE54-9A1E7A4F7556}") = "DatabaseModelClasses", "DatabaseModelClasses\DatabaseModelClasses.csproj", "{472EB1A1-89C0-4463-9B01-A5DF8B470080}"
EndProject
Project("{9A19103F-16F7-4668-BE54-9A1E7A4F7556}") = "4870-assignment-1", "4870-assignment-1\4870-assignment-1.csproj", "{5718EEAC-2E32-44DC-B5F9-57E17AD8C5F8}"
EndProject
Global
	GlobalSection(SolutionConfigurationPlatforms) = preSolution
		Debug|Any CPU = Debug|Any CPU
		Release|Any CPU = Release|Any CPU
	EndGlobalSection
	GlobalSection(ProjectConfigurationPlatforms) = postSolution
		{472EB1A1-89C0-4463-9B01-A5DF8B470080}.Debug|Any CPU.ActiveCfg = Debug|Any CPU
		{472EB1A1-89C0-4463-9B01-A5DF8B470080}.Debug|Any CPU.Build.0 = Debug|Any CPU
		{472EB1A1-89C0-4463-9B01-A5DF8B470080}.Release|Any CPU.ActiveCfg = Release|Any CPU
		{472EB1A1-89C0-4463-9B01-A5DF8B470080}.Release|Any CPU.Build.0 = Release|Any CPU
		{5718EEAC-2E32-44DC-B5F9-57E17AD8C5F8}.Debug|Any CPU.ActiveCfg = Debug|Any CPU
		{5718EEAC-2E32-44DC-B5F9-57E17AD8C5F8}.Debug|Any CPU.Build.0 = Debug|Any CPU
		{5718EEAC-2E32-44DC-B5F9-57E17AD8C5F8}.Release|Any CPU.ActiveCfg = Release|Any CPU
		{5718EEAC-2E32-44DC-B5F9-57E17AD8C5F8}.Release|Any CPU.Build.0 = Release|Any CPU
	EndGlobalSection
	GlobalSection(SolutionProperties) = preSolution
		HideSolutionNode = FALSE
	EndGlobalSection
	GlobalSection(ExtensibilityGlobals) = postSolution
		SolutionGuid = {CC6C7A56-7895-442C-B781-D5368067592D}
	EndGlobalSection
EndGlobal
